// !$*UTF8*$!
{
	archiveVersion = 1;
	classes = {
	};
	objectVersion = 56;
	objects = {

/* Begin PBXBuildFile section */
		B6517EA62BDCE4F1004EDBF6 /* UIRating.swift in Sources */ = {isa = PBXBuildFile; fileRef = B6517EA52BDCE4F1004EDBF6 /* UIRating.swift */; };
		B65C14DC2BE621160092486D /* MealCell.swift in Sources */ = {isa = PBXBuildFile; fileRef = B65C14DB2BE621160092486D /* MealCell.swift */; };
		B65C14DD2BE630F60092486D /* MealTableViewController.swift in Sources */ = {isa = PBXBuildFile; fileRef = B65C14D92BE61D060092486D /* MealTableViewController.swift */; };
		B65C14E02BE6389E0092486D /* Meal.swift in Sources */ = {isa = PBXBuildFile; fileRef = B65C14DF2BE6389E0092486D /* Meal.swift */; };
		B67BAADC2BD3A30A00240264 /* AppDelegate.swift in Sources */ = {isa = PBXBuildFile; fileRef = B67BAADB2BD3A30A00240264 /* AppDelegate.swift */; };
		B67BAADE2BD3A30A00240264 /* SceneDelegate.swift in Sources */ = {isa = PBXBuildFile; fileRef = B67BAADD2BD3A30A00240264 /* SceneDelegate.swift */; };
		B67BAAE02BD3A30A00240264 /* MealDetailController.swift in Sources */ = {isa = PBXBuildFile; fileRef = B67BAADF2BD3A30A00240264 /* MealDetailController.swift */; };
		B67BAAE32BD3A30A00240264 /* Base in Resources */ = {isa = PBXBuildFile; fileRef = B67BAAE22BD3A30A00240264 /* Base */; };
		B67BAAE52BD3A30B00240264 /* Assets.xcassets in Resources */ = {isa = PBXBuildFile; fileRef = B67BAAE42BD3A30B00240264 /* Assets.xcassets */; };
		B67BAAE82BD3A30B00240264 /* Base in Resources */ = {isa = PBXBuildFile; fileRef = B67BAAE72BD3A30B00240264 /* Base */; };
		B67BAAF32BD3A30C00240264 /* FoodManagementTests.swift in Sources */ = {isa = PBXBuildFile; fileRef = B67BAAF22BD3A30C00240264 /* FoodManagementTests.swift */; };
		B67BAAFD2BD3A30C00240264 /* FoodManagementUITests.swift in Sources */ = {isa = PBXBuildFile; fileRef = B67BAAFC2BD3A30C00240264 /* FoodManagementUITests.swift */; };
		B67BAAFF2BD3A30C00240264 /* FoodManagementUITestsLaunchTests.swift in Sources */ = {isa = PBXBuildFile; fileRef = B67BAAFE2BD3A30C00240264 /* FoodManagementUITestsLaunchTests.swift */; };
		CE6019202C0189BC00CBB994 /* MapController.swift in Sources */ = {isa = PBXBuildFile; fileRef = CE60191F2C0189BC00CBB994 /* MapController.swift */; };
		CE928EF62BF839D3008905AB /* libsqlite3.0.tbd in Frameworks */ = {isa = PBXBuildFile; fileRef = CE928EF52BF839D3008905AB /* libsqlite3.0.tbd */; };
		CE928F072BF83C2C008905AB /* FMDatabasePool.m in Sources */ = {isa = PBXBuildFile; fileRef = CE928EFE2BF83C2C008905AB /* FMDatabasePool.m */; };
		CE928F082BF83C2C008905AB /* FMResultSet.m in Sources */ = {isa = PBXBuildFile; fileRef = CE928EFF2BF83C2C008905AB /* FMResultSet.m */; };
		CE928F092BF83C2C008905AB /* FMDatabaseQueue.m in Sources */ = {isa = PBXBuildFile; fileRef = CE928F032BF83C2C008905AB /* FMDatabaseQueue.m */; };
		CE928F0A2BF83C2C008905AB /* FMDatabaseAdditions.m in Sources */ = {isa = PBXBuildFile; fileRef = CE928F042BF83C2C008905AB /* FMDatabaseAdditions.m */; };
		CE928F0B2BF83C2C008905AB /* FMDatabase.m in Sources */ = {isa = PBXBuildFile; fileRef = CE928F062BF83C2C008905AB /* FMDatabase.m */; };
		CE928F0D2BF845F3008905AB /* Database.swift in Sources */ = {isa = PBXBuildFile; fileRef = CE928F0C2BF845F3008905AB /* Database.swift */; };
/* End PBXBuildFile section */

/* Begin PBXContainerItemProxy section */
		B67BAAEF2BD3A30C00240264 /* PBXContainerItemProxy */ = {
			isa = PBXContainerItemProxy;
			containerPortal = B67BAAD02BD3A30900240264 /* Project object */;
			proxyType = 1;
			remoteGlobalIDString = B67BAAD72BD3A30900240264;
			remoteInfo = FoodManagement;
		};
		B67BAAF92BD3A30C00240264 /* PBXContainerItemProxy */ = {
			isa = PBXContainerItemProxy;
			containerPortal = B67BAAD02BD3A30900240264 /* Project object */;
			proxyType = 1;
			remoteGlobalIDString = B67BAAD72BD3A30900240264;
			remoteInfo = FoodManagement;
		};
/* End PBXContainerItemProxy section */

/* Begin PBXFileReference section */
		B6517EA52BDCE4F1004EDBF6 /* UIRating.swift */ = {isa = PBXFileReference; lastKnownFileType = sourcecode.swift; path = UIRating.swift; sourceTree = "<group>"; };
		B65C14D92BE61D060092486D /* MealTableViewController.swift */ = {isa = PBXFileReference; lastKnownFileType = sourcecode.swift; path = MealTableViewController.swift; sourceTree = "<group>"; };
		B65C14DB2BE621160092486D /* MealCell.swift */ = {isa = PBXFileReference; lastKnownFileType = sourcecode.swift; path = MealCell.swift; sourceTree = "<group>"; };
		B65C14DF2BE6389E0092486D /* Meal.swift */ = {isa = PBXFileReference; lastKnownFileType = sourcecode.swift; path = Meal.swift; sourceTree = "<group>"; };
		B67BAAD82BD3A30A00240264 /* FoodManagement.app */ = {isa = PBXFileReference; explicitFileType = wrapper.application; includeInIndex = 0; path = FoodManagement.app; sourceTree = BUILT_PRODUCTS_DIR; };
		B67BAADB2BD3A30A00240264 /* AppDelegate.swift */ = {isa = PBXFileReference; lastKnownFileType = sourcecode.swift; path = AppDelegate.swift; sourceTree = "<group>"; };
		B67BAADD2BD3A30A00240264 /* SceneDelegate.swift */ = {isa = PBXFileReference; lastKnownFileType = sourcecode.swift; path = SceneDelegate.swift; sourceTree = "<group>"; };
		B67BAADF2BD3A30A00240264 /* MealDetailController.swift */ = {isa = PBXFileReference; lastKnownFileType = sourcecode.swift; path = MealDetailController.swift; sourceTree = "<group>"; };
		B67BAAE22BD3A30A00240264 /* Base */ = {isa = PBXFileReference; lastKnownFileType = file.storyboard; name = Base; path = Base.lproj/Main.storyboard; sourceTree = "<group>"; };
		B67BAAE42BD3A30B00240264 /* Assets.xcassets */ = {isa = PBXFileReference; lastKnownFileType = folder.assetcatalog; path = Assets.xcassets; sourceTree = "<group>"; };
		B67BAAE72BD3A30B00240264 /* Base */ = {isa = PBXFileReference; lastKnownFileType = file.storyboard; name = Base; path = Base.lproj/LaunchScreen.storyboard; sourceTree = "<group>"; };
		B67BAAE92BD3A30C00240264 /* Info.plist */ = {isa = PBXFileReference; lastKnownFileType = text.plist.xml; path = Info.plist; sourceTree = "<group>"; };
		B67BAAEE2BD3A30C00240264 /* FoodManagementTests.xctest */ = {isa = PBXFileReference; explicitFileType = wrapper.cfbundle; includeInIndex = 0; path = FoodManagementTests.xctest; sourceTree = BUILT_PRODUCTS_DIR; };
		B67BAAF22BD3A30C00240264 /* FoodManagementTests.swift */ = {isa = PBXFileReference; lastKnownFileType = sourcecode.swift; path = FoodManagementTests.swift; sourceTree = "<group>"; };
		B67BAAF82BD3A30C00240264 /* FoodManagementUITests.xctest */ = {isa = PBXFileReference; explicitFileType = wrapper.cfbundle; includeInIndex = 0; path = FoodManagementUITests.xctest; sourceTree = BUILT_PRODUCTS_DIR; };
		B67BAAFC2BD3A30C00240264 /* FoodManagementUITests.swift */ = {isa = PBXFileReference; lastKnownFileType = sourcecode.swift; path = FoodManagementUITests.swift; sourceTree = "<group>"; };
		B67BAAFE2BD3A30C00240264 /* FoodManagementUITestsLaunchTests.swift */ = {isa = PBXFileReference; lastKnownFileType = sourcecode.swift; path = FoodManagementUITestsLaunchTests.swift; sourceTree = "<group>"; };
		CE60191F2C0189BC00CBB994 /* MapController.swift */ = {isa = PBXFileReference; lastKnownFileType = sourcecode.swift; path = MapController.swift; sourceTree = "<group>"; };
		CE928EF52BF839D3008905AB /* libsqlite3.0.tbd */ = {isa = PBXFileReference; lastKnownFileType = "sourcecode.text-based-dylib-definition"; name = libsqlite3.0.tbd; path = usr/lib/libsqlite3.0.tbd; sourceTree = SDKROOT; };
		CE928EFB2BF83C2B008905AB /* FoodManagement-Bridging-Header.h */ = {isa = PBXFileReference; lastKnownFileType = sourcecode.c.h; path = "FoodManagement-Bridging-Header.h"; sourceTree = "<group>"; };
		CE928EFC2BF83C2C008905AB /* FMDatabaseAdditions.h */ = {isa = PBXFileReference; fileEncoding = 4; lastKnownFileType = sourcecode.c.h; name = FMDatabaseAdditions.h; path = FoodManagement/FMDB/src/FMDatabaseAdditions.h; sourceTree = SOURCE_ROOT; };
		CE928EFD2BF83C2C008905AB /* FMResultSet.h */ = {isa = PBXFileReference; fileEncoding = 4; lastKnownFileType = sourcecode.c.h; name = FMResultSet.h; path = FoodManagement/FMDB/src/FMResultSet.h; sourceTree = SOURCE_ROOT; };
		CE928EFE2BF83C2C008905AB /* FMDatabasePool.m */ = {isa = PBXFileReference; fileEncoding = 4; lastKnownFileType = sourcecode.c.objc; name = FMDatabasePool.m; path = FoodManagement/FMDB/src/FMDatabasePool.m; sourceTree = SOURCE_ROOT; };
		CE928EFF2BF83C2C008905AB /* FMResultSet.m */ = {isa = PBXFileReference; fileEncoding = 4; lastKnownFileType = sourcecode.c.objc; name = FMResultSet.m; path = FoodManagement/FMDB/src/FMResultSet.m; sourceTree = SOURCE_ROOT; };
		CE928F002BF83C2C008905AB /* FMDatabasePool.h */ = {isa = PBXFileReference; fileEncoding = 4; lastKnownFileType = sourcecode.c.h; name = FMDatabasePool.h; path = FoodManagement/FMDB/src/FMDatabasePool.h; sourceTree = SOURCE_ROOT; };
		CE928F012BF83C2C008905AB /* FMDatabase.h */ = {isa = PBXFileReference; fileEncoding = 4; lastKnownFileType = sourcecode.c.h; name = FMDatabase.h; path = FoodManagement/FMDB/src/FMDatabase.h; sourceTree = SOURCE_ROOT; };
		CE928F022BF83C2C008905AB /* FMDB.h */ = {isa = PBXFileReference; fileEncoding = 4; lastKnownFileType = sourcecode.c.h; name = FMDB.h; path = FoodManagement/FMDB/src/FMDB.h; sourceTree = SOURCE_ROOT; };
		CE928F032BF83C2C008905AB /* FMDatabaseQueue.m */ = {isa = PBXFileReference; fileEncoding = 4; lastKnownFileType = sourcecode.c.objc; name = FMDatabaseQueue.m; path = FoodManagement/FMDB/src/FMDatabaseQueue.m; sourceTree = SOURCE_ROOT; };
		CE928F042BF83C2C008905AB /* FMDatabaseAdditions.m */ = {isa = PBXFileReference; fileEncoding = 4; lastKnownFileType = sourcecode.c.objc; name = FMDatabaseAdditions.m; path = FoodManagement/FMDB/src/FMDatabaseAdditions.m; sourceTree = SOURCE_ROOT; };
		CE928F052BF83C2C008905AB /* FMDatabaseQueue.h */ = {isa = PBXFileReference; fileEncoding = 4; lastKnownFileType = sourcecode.c.h; name = FMDatabaseQueue.h; path = FoodManagement/FMDB/src/FMDatabaseQueue.h; sourceTree = SOURCE_ROOT; };
		CE928F062BF83C2C008905AB /* FMDatabase.m */ = {isa = PBXFileReference; fileEncoding = 4; lastKnownFileType = sourcecode.c.objc; name = FMDatabase.m; path = FoodManagement/FMDB/src/FMDatabase.m; sourceTree = SOURCE_ROOT; };
		CE928F0C2BF845F3008905AB /* Database.swift */ = {isa = PBXFileReference; lastKnownFileType = sourcecode.swift; path = Database.swift; sourceTree = "<group>"; };
/* End PBXFileReference section */

/* Begin PBXFrameworksBuildPhase section */
		B67BAAD52BD3A30900240264 /* Frameworks */ = {
			isa = PBXFrameworksBuildPhase;
			buildActionMask = 2147483647;
			files = (
				CE928EF62BF839D3008905AB /* libsqlite3.0.tbd in Frameworks */,
			);
			runOnlyForDeploymentPostprocessing = 0;
		};
		B67BAAEB2BD3A30C00240264 /* Frameworks */ = {
			isa = PBXFrameworksBuildPhase;
			buildActionMask = 2147483647;
			files = (
			);
			runOnlyForDeploymentPostprocessing = 0;
		};
		B67BAAF52BD3A30C00240264 /* Frameworks */ = {
			isa = PBXFrameworksBuildPhase;
			buildActionMask = 2147483647;
			files = (
			);
			runOnlyForDeploymentPostprocessing = 0;
		};
/* End PBXFrameworksBuildPhase section */

/* Begin PBXGroup section */
		B6517EA42BDCE440004EDBF6 /* Control */ = {
			isa = PBXGroup;
			children = (
				B6517EA52BDCE4F1004EDBF6 /* UIRating.swift */,
				B65C14DB2BE621160092486D /* MealCell.swift */,
			);
			name = Control;
			sourceTree = "<group>";
		};
		B65C14DE2BE638740092486D /* Models */ = {
			isa = PBXGroup;
			children = (
				B65C14DF2BE6389E0092486D /* Meal.swift */,
			);
			name = Models;
			sourceTree = "<group>";
		};
		B67BAACF2BD3A30900240264 = {
			isa = PBXGroup;
			children = (
				B67BAADA2BD3A30A00240264 /* FoodManagement */,
				B67BAAF12BD3A30C00240264 /* FoodManagementTests */,
				B67BAAFB2BD3A30C00240264 /* FoodManagementUITests */,
				B67BAAD92BD3A30A00240264 /* Products */,
				CE928EF42BF839D3008905AB /* Frameworks */,
			);
			sourceTree = "<group>";
		};
		B67BAAD92BD3A30A00240264 /* Products */ = {
			isa = PBXGroup;
			children = (
				B67BAAD82BD3A30A00240264 /* FoodManagement.app */,
				B67BAAEE2BD3A30C00240264 /* FoodManagementTests.xctest */,
				B67BAAF82BD3A30C00240264 /* FoodManagementUITests.xctest */,
			);
			name = Products;
			sourceTree = "<group>";
		};
		B67BAADA2BD3A30A00240264 /* FoodManagement */ = {
			isa = PBXGroup;
			children = (
				CE928EF72BF83A01008905AB /* FMDB */,
				B67BAB0C2BD3A33400240264 /* Controllers */,
				B67BAAE12BD3A30A00240264 /* Main.storyboard */,
				B65C14DE2BE638740092486D /* Models */,
				B6517EA42BDCE440004EDBF6 /* Control */,
				B67BAB0B2BD3A31E00240264 /* Systems */,
			);
			path = FoodManagement;
			sourceTree = "<group>";
		};
		B67BAAF12BD3A30C00240264 /* FoodManagementTests */ = {
			isa = PBXGroup;
			children = (
				B67BAAF22BD3A30C00240264 /* FoodManagementTests.swift */,
			);
			path = FoodManagementTests;
			sourceTree = "<group>";
		};
		B67BAAFB2BD3A30C00240264 /* FoodManagementUITests */ = {
			isa = PBXGroup;
			children = (
				B67BAAFC2BD3A30C00240264 /* FoodManagementUITests.swift */,
				B67BAAFE2BD3A30C00240264 /* FoodManagementUITestsLaunchTests.swift */,
			);
			path = FoodManagementUITests;
			sourceTree = "<group>";
		};
		B67BAB0B2BD3A31E00240264 /* Systems */ = {
			isa = PBXGroup;
			children = (
				B67BAAE42BD3A30B00240264 /* Assets.xcassets */,
				B67BAAE62BD3A30B00240264 /* LaunchScreen.storyboard */,
				B67BAAE92BD3A30C00240264 /* Info.plist */,
				B67BAADB2BD3A30A00240264 /* AppDelegate.swift */,
				B67BAADD2BD3A30A00240264 /* SceneDelegate.swift */,
			);
			name = Systems;
			sourceTree = "<group>";
		};
		B67BAB0C2BD3A33400240264 /* Controllers */ = {
			isa = PBXGroup;
			children = (
				B67BAADF2BD3A30A00240264 /* MealDetailController.swift */,
				B65C14D92BE61D060092486D /* MealTableViewController.swift */,
				CE60191F2C0189BC00CBB994 /* MapController.swift */,
			);
			path = Controllers;
			sourceTree = "<group>";
		};
		CE928EF42BF839D3008905AB /* Frameworks */ = {
			isa = PBXGroup;
			children = (
				CE928EF52BF839D3008905AB /* libsqlite3.0.tbd */,
			);
			name = Frameworks;
			sourceTree = "<group>";
		};
		CE928EF72BF83A01008905AB /* FMDB */ = {
			isa = PBXGroup;
			children = (
				CE928EFA2BF83BC7008905AB /* framework */,
				CE928EF92BF83B03008905AB /* DAL */,
				CE928EF82BF83A27008905AB /* src */,
			);
			path = FMDB;
			sourceTree = "<group>";
		};
		CE928EF82BF83A27008905AB /* src */ = {
			isa = PBXGroup;
			children = (
			);
			path = src;
			sourceTree = "<group>";
		};
		CE928EF92BF83B03008905AB /* DAL */ = {
			isa = PBXGroup;
			children = (
				CE928F0C2BF845F3008905AB /* Database.swift */,
			);
			path = DAL;
			sourceTree = "<group>";
		};
		CE928EFA2BF83BC7008905AB /* framework */ = {
			isa = PBXGroup;
			children = (
				CE928F012BF83C2C008905AB /* FMDatabase.h */,
				CE928F062BF83C2C008905AB /* FMDatabase.m */,
				CE928EFC2BF83C2C008905AB /* FMDatabaseAdditions.h */,
				CE928F042BF83C2C008905AB /* FMDatabaseAdditions.m */,
				CE928F002BF83C2C008905AB /* FMDatabasePool.h */,
				CE928EFE2BF83C2C008905AB /* FMDatabasePool.m */,
				CE928F052BF83C2C008905AB /* FMDatabaseQueue.h */,
				CE928F032BF83C2C008905AB /* FMDatabaseQueue.m */,
				CE928F022BF83C2C008905AB /* FMDB.h */,
				CE928EFD2BF83C2C008905AB /* FMResultSet.h */,
				CE928EFF2BF83C2C008905AB /* FMResultSet.m */,
				CE928EFB2BF83C2B008905AB /* FoodManagement-Bridging-Header.h */,
			);
			path = framework;
			sourceTree = "<group>";
		};
/* End PBXGroup section */

/* Begin PBXNativeTarget section */
		B67BAAD72BD3A30900240264 /* FoodManagement */ = {
			isa = PBXNativeTarget;
			buildConfigurationList = B67BAB022BD3A30C00240264 /* Build configuration list for PBXNativeTarget "FoodManagement" */;
			buildPhases = (
				B67BAAD42BD3A30900240264 /* Sources */,
				B67BAAD52BD3A30900240264 /* Frameworks */,
				B67BAAD62BD3A30900240264 /* Resources */,
			);
			buildRules = (
			);
			dependencies = (
			);
			name = FoodManagement;
			productName = FoodManagement;
			productReference = B67BAAD82BD3A30A00240264 /* FoodManagement.app */;
			productType = "com.apple.product-type.application";
		};
		B67BAAED2BD3A30C00240264 /* FoodManagementTests */ = {
			isa = PBXNativeTarget;
			buildConfigurationList = B67BAB052BD3A30C00240264 /* Build configuration list for PBXNativeTarget "FoodManagementTests" */;
			buildPhases = (
				B67BAAEA2BD3A30C00240264 /* Sources */,
				B67BAAEB2BD3A30C00240264 /* Frameworks */,
				B67BAAEC2BD3A30C00240264 /* Resources */,
			);
			buildRules = (
			);
			dependencies = (
				B67BAAF02BD3A30C00240264 /* PBXTargetDependency */,
			);
			name = FoodManagementTests;
			productName = FoodManagementTests;
			productReference = B67BAAEE2BD3A30C00240264 /* FoodManagementTests.xctest */;
			productType = "com.apple.product-type.bundle.unit-test";
		};
		B67BAAF72BD3A30C00240264 /* FoodManagementUITests */ = {
			isa = PBXNativeTarget;
			buildConfigurationList = B67BAB082BD3A30C00240264 /* Build configuration list for PBXNativeTarget "FoodManagementUITests" */;
			buildPhases = (
				B67BAAF42BD3A30C00240264 /* Sources */,
				B67BAAF52BD3A30C00240264 /* Frameworks */,
				B67BAAF62BD3A30C00240264 /* Resources */,
			);
			buildRules = (
			);
			dependencies = (
				B67BAAFA2BD3A30C00240264 /* PBXTargetDependency */,
			);
			name = FoodManagementUITests;
			productName = FoodManagementUITests;
			productReference = B67BAAF82BD3A30C00240264 /* FoodManagementUITests.xctest */;
			productType = "com.apple.product-type.bundle.ui-testing";
		};
/* End PBXNativeTarget section */

/* Begin PBXProject section */
		B67BAAD02BD3A30900240264 /* Project object */ = {
			isa = PBXProject;
			attributes = {
				BuildIndependentTargetsInParallel = 1;
				LastSwiftUpdateCheck = 1530;
				LastUpgradeCheck = 1530;
				TargetAttributes = {
					B67BAAD72BD3A30900240264 = {
						CreatedOnToolsVersion = 15.3;
						LastSwiftMigration = 1420;
					};
					B67BAAED2BD3A30C00240264 = {
						CreatedOnToolsVersion = 15.3;
						TestTargetID = B67BAAD72BD3A30900240264;
					};
					B67BAAF72BD3A30C00240264 = {
						CreatedOnToolsVersion = 15.3;
						TestTargetID = B67BAAD72BD3A30900240264;
					};
				};
			};
			buildConfigurationList = B67BAAD32BD3A30900240264 /* Build configuration list for PBXProject "FoodManagement" */;
			compatibilityVersion = "Xcode 14.0";
			developmentRegion = en;
			hasScannedForEncodings = 0;
			knownRegions = (
				en,
				Base,
			);
			mainGroup = B67BAACF2BD3A30900240264;
			productRefGroup = B67BAAD92BD3A30A00240264 /* Products */;
			projectDirPath = "";
			projectRoot = "";
			targets = (
				B67BAAD72BD3A30900240264 /* FoodManagement */,
				B67BAAED2BD3A30C00240264 /* FoodManagementTests */,
				B67BAAF72BD3A30C00240264 /* FoodManagementUITests */,
			);
		};
/* End PBXProject section */

/* Begin PBXResourcesBuildPhase section */
		B67BAAD62BD3A30900240264 /* Resources */ = {
			isa = PBXResourcesBuildPhase;
			buildActionMask = 2147483647;
			files = (
				B67BAAE52BD3A30B00240264 /* Assets.xcassets in Resources */,
				B67BAAE82BD3A30B00240264 /* Base in Resources */,
				B67BAAE32BD3A30A00240264 /* Base in Resources */,
			);
			runOnlyForDeploymentPostprocessing = 0;
		};
		B67BAAEC2BD3A30C00240264 /* Resources */ = {
			isa = PBXResourcesBuildPhase;
			buildActionMask = 2147483647;
			files = (
			);
			runOnlyForDeploymentPostprocessing = 0;
		};
		B67BAAF62BD3A30C00240264 /* Resources */ = {
			isa = PBXResourcesBuildPhase;
			buildActionMask = 2147483647;
			files = (
			);
			runOnlyForDeploymentPostprocessing = 0;
		};
/* End PBXResourcesBuildPhase section */

/* Begin PBXSourcesBuildPhase section */
		B67BAAD42BD3A30900240264 /* Sources */ = {
			isa = PBXSourcesBuildPhase;
			buildActionMask = 2147483647;
			files = (
				B65C14DC2BE621160092486D /* MealCell.swift in Sources */,
				B67BAAE02BD3A30A00240264 /* MealDetailController.swift in Sources */,
				B65C14E02BE6389E0092486D /* Meal.swift in Sources */,
				CE928F0B2BF83C2C008905AB /* FMDatabase.m in Sources */,
				B6517EA62BDCE4F1004EDBF6 /* UIRating.swift in Sources */,
				B67BAADC2BD3A30A00240264 /* AppDelegate.swift in Sources */,
				CE928F092BF83C2C008905AB /* FMDatabaseQueue.m in Sources */,
				CE928F072BF83C2C008905AB /* FMDatabasePool.m in Sources */,
				CE6019202C0189BC00CBB994 /* MapController.swift in Sources */,
				CE928F0A2BF83C2C008905AB /* FMDatabaseAdditions.m in Sources */,
				CE928F082BF83C2C008905AB /* FMResultSet.m in Sources */,
				B65C14DD2BE630F60092486D /* MealTableViewController.swift in Sources */,
				CE928F0D2BF845F3008905AB /* Database.swift in Sources */,
				B67BAADE2BD3A30A00240264 /* SceneDelegate.swift in Sources */,
			);
			runOnlyForDeploymentPostprocessing = 0;
		};
		B67BAAEA2BD3A30C00240264 /* Sources */ = {
			isa = PBXSourcesBuildPhase;
			buildActionMask = 2147483647;
			files = (
				B67BAAF32BD3A30C00240264 /* FoodManagementTests.swift in Sources */,
			);
			runOnlyForDeploymentPostprocessing = 0;
		};
		B67BAAF42BD3A30C00240264 /* Sources */ = {
			isa = PBXSourcesBuildPhase;
			buildActionMask = 2147483647;
			files = (
				B67BAAFD2BD3A30C00240264 /* FoodManagementUITests.swift in Sources */,
				B67BAAFF2BD3A30C00240264 /* FoodManagementUITestsLaunchTests.swift in Sources */,
			);
			runOnlyForDeploymentPostprocessing = 0;
		};
/* End PBXSourcesBuildPhase section */

/* Begin PBXTargetDependency section */
		B67BAAF02BD3A30C00240264 /* PBXTargetDependency */ = {
			isa = PBXTargetDependency;
			target = B67BAAD72BD3A30900240264 /* FoodManagement */;
			targetProxy = B67BAAEF2BD3A30C00240264 /* PBXContainerItemProxy */;
		};
		B67BAAFA2BD3A30C00240264 /* PBXTargetDependency */ = {
			isa = PBXTargetDependency;
			target = B67BAAD72BD3A30900240264 /* FoodManagement */;
			targetProxy = B67BAAF92BD3A30C00240264 /* PBXContainerItemProxy */;
		};
/* End PBXTargetDependency section */

/* Begin PBXVariantGroup section */
		B67BAAE12BD3A30A00240264 /* Main.storyboard */ = {
			isa = PBXVariantGroup;
			children = (
				B67BAAE22BD3A30A00240264 /* Base */,
			);
			name = Main.storyboard;
			sourceTree = "<group>";
		};
		B67BAAE62BD3A30B00240264 /* LaunchScreen.storyboard */ = {
			isa = PBXVariantGroup;
			children = (
				B67BAAE72BD3A30B00240264 /* Base */,
			);
			name = LaunchScreen.storyboard;
			sourceTree = "<group>";
		};
/* End PBXVariantGroup section */

/* Begin XCBuildConfiguration section */
		B67BAB002BD3A30C00240264 /* Debug */ = {
			isa = XCBuildConfiguration;
			buildSettings = {
				ALWAYS_SEARCH_USER_PATHS = NO;
				ASSETCATALOG_COMPILER_GENERATE_SWIFT_ASSET_SYMBOL_EXTENSIONS = YES;
				CLANG_ANALYZER_NONNULL = YES;
				CLANG_ANALYZER_NUMBER_OBJECT_CONVERSION = YES_AGGRESSIVE;
				CLANG_CXX_LANGUAGE_STANDARD = "gnu++20";
				CLANG_ENABLE_MODULES = YES;
				CLANG_ENABLE_OBJC_ARC = YES;
				CLANG_ENABLE_OBJC_WEAK = YES;
				CLANG_WARN_BLOCK_CAPTURE_AUTORELEASING = YES;
				CLANG_WARN_BOOL_CONVERSION = YES;
				CLANG_WARN_COMMA = YES;
				CLANG_WARN_CONSTANT_CONVERSION = YES;
				CLANG_WARN_DEPRECATED_OBJC_IMPLEMENTATIONS = YES;
				CLANG_WARN_DIRECT_OBJC_ISA_USAGE = YES_ERROR;
				CLANG_WARN_DOCUMENTATION_COMMENTS = YES;
				CLANG_WARN_EMPTY_BODY = YES;
				CLANG_WARN_ENUM_CONVERSION = YES;
				CLANG_WARN_INFINITE_RECURSION = YES;
				CLANG_WARN_INT_CONVERSION = YES;
				CLANG_WARN_NON_LITERAL_NULL_CONVERSION = YES;
				CLANG_WARN_OBJC_IMPLICIT_RETAIN_SELF = YES;
				CLANG_WARN_OBJC_LITERAL_CONVERSION = YES;
				CLANG_WARN_OBJC_ROOT_CLASS = YES_ERROR;
				CLANG_WARN_QUOTED_INCLUDE_IN_FRAMEWORK_HEADER = YES;
				CLANG_WARN_RANGE_LOOP_ANALYSIS = YES;
				CLANG_WARN_STRICT_PROTOTYPES = YES;
				CLANG_WARN_SUSPICIOUS_MOVE = YES;
				CLANG_WARN_UNGUARDED_AVAILABILITY = YES_AGGRESSIVE;
				CLANG_WARN_UNREACHABLE_CODE = YES;
				CLANG_WARN__DUPLICATE_METHOD_MATCH = YES;
				COPY_PHASE_STRIP = NO;
				DEBUG_INFORMATION_FORMAT = dwarf;
				ENABLE_STRICT_OBJC_MSGSEND = YES;
				ENABLE_TESTABILITY = YES;
				ENABLE_USER_SCRIPT_SANDBOXING = YES;
				GCC_C_LANGUAGE_STANDARD = gnu17;
				GCC_DYNAMIC_NO_PIC = NO;
				GCC_NO_COMMON_BLOCKS = YES;
				GCC_OPTIMIZATION_LEVEL = 0;
				GCC_PREPROCESSOR_DEFINITIONS = (
					"DEBUG=1",
					"$(inherited)",
				);
				GCC_WARN_64_TO_32_BIT_CONVERSION = YES;
				GCC_WARN_ABOUT_RETURN_TYPE = YES_ERROR;
				GCC_WARN_UNDECLARED_SELECTOR = YES;
				GCC_WARN_UNINITIALIZED_AUTOS = YES_AGGRESSIVE;
				GCC_WARN_UNUSED_FUNCTION = YES;
				GCC_WARN_UNUSED_VARIABLE = YES;
				IPHONEOS_DEPLOYMENT_TARGET = 17.4;
				LOCALIZATION_PREFERS_STRING_CATALOGS = YES;
				MTL_ENABLE_DEBUG_INFO = INCLUDE_SOURCE;
				MTL_FAST_MATH = YES;
				ONLY_ACTIVE_ARCH = YES;
				SDKROOT = iphoneos;
				SWIFT_ACTIVE_COMPILATION_CONDITIONS = "DEBUG $(inherited)";
				SWIFT_OPTIMIZATION_LEVEL = "-Onone";
			};
			name = Debug;
		};
		B67BAB012BD3A30C00240264 /* Release */ = {
			isa = XCBuildConfiguration;
			buildSettings = {
				ALWAYS_SEARCH_USER_PATHS = NO;
				ASSETCATALOG_COMPILER_GENERATE_SWIFT_ASSET_SYMBOL_EXTENSIONS = YES;
				CLANG_ANALYZER_NONNULL = YES;
				CLANG_ANALYZER_NUMBER_OBJECT_CONVERSION = YES_AGGRESSIVE;
				CLANG_CXX_LANGUAGE_STANDARD = "gnu++20";
				CLANG_ENABLE_MODULES = YES;
				CLANG_ENABLE_OBJC_ARC = YES;
				CLANG_ENABLE_OBJC_WEAK = YES;
				CLANG_WARN_BLOCK_CAPTURE_AUTORELEASING = YES;
				CLANG_WARN_BOOL_CONVERSION = YES;
				CLANG_WARN_COMMA = YES;
				CLANG_WARN_CONSTANT_CONVERSION = YES;
				CLANG_WARN_DEPRECATED_OBJC_IMPLEMENTATIONS = YES;
				CLANG_WARN_DIRECT_OBJC_ISA_USAGE = YES_ERROR;
				CLANG_WARN_DOCUMENTATION_COMMENTS = YES;
				CLANG_WARN_EMPTY_BODY = YES;
				CLANG_WARN_ENUM_CONVERSION = YES;
				CLANG_WARN_INFINITE_RECURSION = YES;
				CLANG_WARN_INT_CONVERSION = YES;
				CLANG_WARN_NON_LITERAL_NULL_CONVERSION = YES;
				CLANG_WARN_OBJC_IMPLICIT_RETAIN_SELF = YES;
				CLANG_WARN_OBJC_LITERAL_CONVERSION = YES;
				CLANG_WARN_OBJC_ROOT_CLASS = YES_ERROR;
				CLANG_WARN_QUOTED_INCLUDE_IN_FRAMEWORK_HEADER = YES;
				CLANG_WARN_RANGE_LOOP_ANALYSIS = YES;
				CLANG_WARN_STRICT_PROTOTYPES = YES;
				CLANG_WARN_SUSPICIOUS_MOVE = YES;
				CLANG_WARN_UNGUARDED_AVAILABILITY = YES_AGGRESSIVE;
				CLANG_WARN_UNREACHABLE_CODE = YES;
				CLANG_WARN__DUPLICATE_METHOD_MATCH = YES;
				COPY_PHASE_STRIP = NO;
				DEBUG_INFORMATION_FORMAT = "dwarf-with-dsym";
				ENABLE_NS_ASSERTIONS = NO;
				ENABLE_STRICT_OBJC_MSGSEND = YES;
				ENABLE_USER_SCRIPT_SANDBOXING = YES;
				GCC_C_LANGUAGE_STANDARD = gnu17;
				GCC_NO_COMMON_BLOCKS = YES;
				GCC_WARN_64_TO_32_BIT_CONVERSION = YES;
				GCC_WARN_ABOUT_RETURN_TYPE = YES_ERROR;
				GCC_WARN_UNDECLARED_SELECTOR = YES;
				GCC_WARN_UNINITIALIZED_AUTOS = YES_AGGRESSIVE;
				GCC_WARN_UNUSED_FUNCTION = YES;
				GCC_WARN_UNUSED_VARIABLE = YES;
				IPHONEOS_DEPLOYMENT_TARGET = 17.4;
				LOCALIZATION_PREFERS_STRING_CATALOGS = YES;
				MTL_ENABLE_DEBUG_INFO = NO;
				MTL_FAST_MATH = YES;
				SDKROOT = iphoneos;
				SWIFT_COMPILATION_MODE = wholemodule;
				VALIDATE_PRODUCT = YES;
			};
			name = Release;
		};
		B67BAB032BD3A30C00240264 /* Debug */ = {
			isa = XCBuildConfiguration;
			buildSettings = {
				ASSETCATALOG_COMPILER_APPICON_NAME = AppIcon;
				ASSETCATALOG_COMPILER_GLOBAL_ACCENT_COLOR_NAME = AccentColor;
				CLANG_ENABLE_MODULES = YES;
				CODE_SIGN_STYLE = Automatic;
				CURRENT_PROJECT_VERSION = 1;
				GENERATE_INFOPLIST_FILE = YES;
				INFOPLIST_FILE = FoodManagement/Info.plist;
				INFOPLIST_KEY_UIApplicationSupportsIndirectInputEvents = YES;
				INFOPLIST_KEY_UILaunchStoryboardName = LaunchScreen;
				INFOPLIST_KEY_UIMainStoryboardFile = Main;
				INFOPLIST_KEY_UISupportedInterfaceOrientations = UIInterfaceOrientationPortrait;
				IPHONEOS_DEPLOYMENT_TARGET = 16.2;
				LD_RUNPATH_SEARCH_PATHS = (
					"$(inherited)",
					"@executable_path/Frameworks",
				);
				MARKETING_VERSION = 1.0;
				PRODUCT_BUNDLE_IDENTIFIER = tdc.edu.vn.FoodManagement;
				PRODUCT_NAME = "$(TARGET_NAME)";
				SWIFT_EMIT_LOC_STRINGS = YES;
				SWIFT_OBJC_BRIDGING_HEADER = "FoodManagement/FMDB/framework/FoodManagement-Bridging-Header.h";
				SWIFT_OPTIMIZATION_LEVEL = "-Onone";
				SWIFT_VERSION = 5.0;
				TARGETED_DEVICE_FAMILY = "1,2";
			};
			name = Debug;
		};
		B67BAB042BD3A30C00240264 /* Release */ = {
			isa = XCBuildConfiguration;
			buildSettings = {
				ASSETCATALOG_COMPILER_APPICON_NAME = AppIcon;
				ASSETCATALOG_COMPILER_GLOBAL_ACCENT_COLOR_NAME = AccentColor;
				CLANG_ENABLE_MODULES = YES;
				CODE_SIGN_STYLE = Automatic;
				CURRENT_PROJECT_VERSION = 1;
				GENERATE_INFOPLIST_FILE = YES;
				INFOPLIST_FILE = FoodManagement/Info.plist;
				INFOPLIST_KEY_UIApplicationSupportsIndirectInputEvents = YES;
				INFOPLIST_KEY_UILaunchStoryboardName = LaunchScreen;
				INFOPLIST_KEY_UIMainStoryboardFile = Main;
				INFOPLIST_KEY_UISupportedInterfaceOrientations = UIInterfaceOrientationPortrait;
				IPHONEOS_DEPLOYMENT_TARGET = 16.2;
				LD_RUNPATH_SEARCH_PATHS = (
					"$(inherited)",
					"@executable_path/Frameworks",
				);
				MARKETING_VERSION = 1.0;
				PRODUCT_BUNDLE_IDENTIFIER = tdc.edu.vn.FoodManagement;
				PRODUCT_NAME = "$(TARGET_NAME)";
				SWIFT_EMIT_LOC_STRINGS = YES;
				SWIFT_OBJC_BRIDGING_HEADER = "FoodManagement/FMDB/framework/FoodManagement-Bridging-Header.h";
				SWIFT_VERSION = 5.0;
				TARGETED_DEVICE_FAMILY = "1,2";
			};
			name = Release;
		};
		B67BAB062BD3A30C00240264 /* Debug */ = {
			isa = XCBuildConfiguration;
			buildSettings = {
				ALWAYS_EMBED_SWIFT_STANDARD_LIBRARIES = YES;
				BUNDLE_LOADER = "$(TEST_HOST)";
				CODE_SIGN_STYLE = Automatic;
				CURRENT_PROJECT_VERSION = 1;
				GENERATE_INFOPLIST_FILE = YES;
				IPHONEOS_DEPLOYMENT_TARGET = 17.4;
				MARKETING_VERSION = 1.0;
				PRODUCT_BUNDLE_IDENTIFIER = tdc.edu.vn.FoodManagementTests;
				PRODUCT_NAME = "$(TARGET_NAME)";
				SWIFT_EMIT_LOC_STRINGS = NO;
				SWIFT_VERSION = 5.0;
				TARGETED_DEVICE_FAMILY = "1,2";
				TEST_HOST = "$(BUILT_PRODUCTS_DIR)/FoodManagement.app/$(BUNDLE_EXECUTABLE_FOLDER_PATH)/FoodManagement";
			};
			name = Debug;
		};
		B67BAB072BD3A30C00240264 /* Release */ = {
			isa = XCBuildConfiguration;
			buildSettings = {
				ALWAYS_EMBED_SWIFT_STANDARD_LIBRARIES = YES;
				BUNDLE_LOADER = "$(TEST_HOST)";
				CODE_SIGN_STYLE = Automatic;
				CURRENT_PROJECT_VERSION = 1;
				GENERATE_INFOPLIST_FILE = YES;
				IPHONEOS_DEPLOYMENT_TARGET = 17.4;
				MARKETING_VERSION = 1.0;
				PRODUCT_BUNDLE_IDENTIFIER = tdc.edu.vn.FoodManagementTests;
				PRODUCT_NAME = "$(TARGET_NAME)";
				SWIFT_EMIT_LOC_STRINGS = NO;
				SWIFT_VERSION = 5.0;
				TARGETED_DEVICE_FAMILY = "1,2";
				TEST_HOST = "$(BUILT_PRODUCTS_DIR)/FoodManagement.app/$(BUNDLE_EXECUTABLE_FOLDER_PATH)/FoodManagement";
			};
			name = Release;
		};
		B67BAB092BD3A30C00240264 /* Debug */ = {
			isa = XCBuildConfiguration;
			buildSettings = {
				ALWAYS_EMBED_SWIFT_STANDARD_LIBRARIES = YES;
				CODE_SIGN_STYLE = Automatic;
				CURRENT_PROJECT_VERSION = 1;
				GENERATE_INFOPLIST_FILE = YES;
				MARKETING_VERSION = 1.0;
				PRODUCT_BUNDLE_IDENTIFIER = tdc.edu.vn.FoodManagementUITests;
				PRODUCT_NAME = "$(TARGET_NAME)";
				SWIFT_EMIT_LOC_STRINGS = NO;
				SWIFT_VERSION = 5.0;
				TARGETED_DEVICE_FAMILY = "1,2";
				TEST_TARGET_NAME = FoodManagement;
			};
			name = Debug;
		};
		B67BAB0A2BD3A30C00240264 /* Release */ = {
			isa = XCBuildConfiguration;
			buildSettings = {
				ALWAYS_EMBED_SWIFT_STANDARD_LIBRARIES = YES;
				CODE_SIGN_STYLE = Automatic;
				CURRENT_PROJECT_VERSION = 1;
				GENERATE_INFOPLIST_FILE = YES;
				MARKETING_VERSION = 1.0;
				PRODUCT_BUNDLE_IDENTIFIER = tdc.edu.vn.FoodManagementUITests;
				PRODUCT_NAME = "$(TARGET_NAME)";
				SWIFT_EMIT_LOC_STRINGS = NO;
				SWIFT_VERSION = 5.0;
				TARGETED_DEVICE_FAMILY = "1,2";
				TEST_TARGET_NAME = FoodManagement;
			};
			name = Release;
		};
/* End XCBuildConfiguration section */

/* Begin XCConfigurationList section */
		B67BAAD32BD3A30900240264 /* Build configuration list for PBXProject "FoodManagement" */ = {
			isa = XCConfigurationList;
			buildConfigurations = (
				B67BAB002BD3A30C00240264 /* Debug */,
				B67BAB012BD3A30C00240264 /* Release */,
			);
			defaultConfigurationIsVisible = 0;
			defaultConfigurationName = Release;
		};
		B67BAB022BD3A30C00240264 /* Build configuration list for PBXNativeTarget "FoodManagement" */ = {
			isa = XCConfigurationList;
			buildConfigurations = (
				B67BAB032BD3A30C00240264 /* Debug */,
				B67BAB042BD3A30C00240264 /* Release */,
			);
			defaultConfigurationIsVisible = 0;
			defaultConfigurationName = Release;
		};
		B67BAB052BD3A30C00240264 /* Build configuration list for PBXNativeTarget "FoodManagementTests" */ = {
			isa = XCConfigurationList;
			buildConfigurations = (
				B67BAB062BD3A30C00240264 /* Debug */,
				B67BAB072BD3A30C00240264 /* Release */,
			);
			defaultConfigurationIsVisible = 0;
			defaultConfigurationName = Release;
		};
		B67BAB082BD3A30C00240264 /* Build configuration list for PBXNativeTarget "FoodManagementUITests" */ = {
			isa = XCConfigurationList;
			buildConfigurations = (
				B67BAB092BD3A30C00240264 /* Debug */,
				B67BAB0A2BD3A30C00240264 /* Release */,
			);
			defaultConfigurationIsVisible = 0;
			defaultConfigurationName = Release;
		};
/* End XCConfigurationList section */
	};
	rootObject = B67BAAD02BD3A30900240264 /* Project object */;
}
